// !$*UTF8*$!
{
	archiveVersion = 1;
	classes = {
	};
	objectVersion = 55;
	objects = {

/* Begin PBXBuildFile section */
		7B9BEB0E351A7AE691649383 /* Pods_AlexIronsourceSDK.framework in Frameworks */ = {isa = PBXBuildFile; fileRef = 75C322F60DA84E574094EEAC /* Pods_AlexIronsourceSDK.framework */; };
		B180A9D9FE01042DA807CD6E /* Pods_AlexIronsourceSDKAdapter.framework in Frameworks */ = {isa = PBXBuildFile; fileRef = 04658A7CBDBE99B4B74F7F6C /* Pods_AlexIronsourceSDKAdapter.framework */; };
		CA3885DE2CCB896B009F6002 /* AlexISInterstitialAdapter.m in Sources */ = {isa = PBXBuildFile; fileRef = CA3885D22CCB896B009F6002 /* AlexISInterstitialAdapter.m */; };
		CA3885DF2CCB896B009F6002 /* AlexISBaseManager.m in Sources */ = {isa = PBXBuildFile; fileRef = CA3885C82CCB896B009F6002 /* AlexISBaseManager.m */; };
		CA3885E02CCB896B009F6002 /* AlexISC2SBiddingRequestManager.m in Sources */ = {isa = PBXBuildFile; fileRef = CA3885CF2CCB896B009F6002 /* AlexISC2SBiddingRequestManager.m */; };
		CA3885E12CCB896B009F6002 /* AlexISRewardedVideoAdapter.m in Sources */ = {isa = PBXBuildFile; fileRef = CA3885D72CCB896B009F6002 /* AlexISRewardedVideoAdapter.m */; };
		CA3885E22CCB896B009F6002 /* AlexISBannerCustomEvent.m in Sources */ = {isa = PBXBuildFile; fileRef = CA3885C52CCB896B009F6002 /* AlexISBannerCustomEvent.m */; };
		CA3885E32CCB896B009F6002 /* AlexISRewardedVideoCustomEvent.m in Sources */ = {isa = PBXBuildFile; fileRef = CA3885D92CCB896B009F6002 /* AlexISRewardedVideoCustomEvent.m */; };
		CA3885E42CCB896B009F6002 /* AlexISBiddingRequest.m in Sources */ = {isa = PBXBuildFile; fileRef = CA3885CD2CCB896B009F6002 /* AlexISBiddingRequest.m */; };
		CA3885E52CCB896B009F6002 /* AlexISBannerAdapter.m in Sources */ = {isa = PBXBuildFile; fileRef = CA3885C32CCB896B009F6002 /* AlexISBannerAdapter.m */; };
		CA3885E62CCB896B009F6002 /* AlexISRVDelegate.m in Sources */ = {isa = PBXBuildFile; fileRef = CA3885DB2CCB896B009F6002 /* AlexISRVDelegate.m */; };
		CA3885E72CCB896B009F6002 /* AlexNetworkC2STool.m in Sources */ = {isa = PBXBuildFile; fileRef = CA3885CA2CCB896B009F6002 /* AlexNetworkC2STool.m */; };
		CA3885E82CCB896B009F6002 /* AlexISInterstitialCustomEvent.m in Sources */ = {isa = PBXBuildFile; fileRef = CA3885D42CCB896B009F6002 /* AlexISInterstitialCustomEvent.m */; };
		CA3885E92CCB896B009F6002 /* AlexISBaseManager.h in Headers */ = {isa = PBXBuildFile; fileRef = CA3885C72CCB896B009F6002 /* AlexISBaseManager.h */; };
		CA3885EA2CCB896B009F6002 /* AlexNetworkC2STool.h in Headers */ = {isa = PBXBuildFile; fileRef = CA3885C92CCB896B009F6002 /* AlexNetworkC2STool.h */; };
		CA3885EB2CCB896B009F6002 /* AlexISInterstitialAdapter.h in Headers */ = {isa = PBXBuildFile; fileRef = CA3885D12CCB896B009F6002 /* AlexISInterstitialAdapter.h */; };
		CA3885EC2CCB896B009F6002 /* AlexISBannerAdapter.h in Headers */ = {isa = PBXBuildFile; fileRef = CA3885C22CCB896B009F6002 /* AlexISBannerAdapter.h */; };
		CA3885ED2CCB896B009F6002 /* AlexISBannerCustomEvent.h in Headers */ = {isa = PBXBuildFile; fileRef = CA3885C42CCB896B009F6002 /* AlexISBannerCustomEvent.h */; };
		CA3885EE2CCB896B009F6002 /* AlexISBiddingRequest.h in Headers */ = {isa = PBXBuildFile; fileRef = CA3885CC2CCB896B009F6002 /* AlexISBiddingRequest.h */; };
		CA3885EF2CCB896B009F6002 /* AlexISRVDelegate.h in Headers */ = {isa = PBXBuildFile; fileRef = CA3885DA2CCB896B009F6002 /* AlexISRVDelegate.h */; };
		CA3885F02CCB896B009F6002 /* AlexISC2SBiddingRequestManager.h in Headers */ = {isa = PBXBuildFile; fileRef = CA3885CE2CCB896B009F6002 /* AlexISC2SBiddingRequestManager.h */; };
		CA3885F12CCB896B009F6002 /* AlexISInterstitialCustomEvent.h in Headers */ = {isa = PBXBuildFile; fileRef = CA3885D32CCB896B009F6002 /* AlexISInterstitialCustomEvent.h */; };
		CA3885F22CCB896B009F6002 /* AlexISRewardedVideoAdapter.h in Headers */ = {isa = PBXBuildFile; fileRef = CA3885D62CCB896B009F6002 /* AlexISRewardedVideoAdapter.h */; };
		CA3885F32CCB896B009F6002 /* AlexISRewardedVideoCustomEvent.h in Headers */ = {isa = PBXBuildFile; fileRef = CA3885D82CCB896B009F6002 /* AlexISRewardedVideoCustomEvent.h */; };
		E0EFCBD32A1B505000243308 /* AppDelegate.m in Sources */ = {isa = PBXBuildFile; fileRef = E0EFCBD22A1B505000243308 /* AppDelegate.m */; };
		E0EFCBD62A1B505000243308 /* SceneDelegate.m in Sources */ = {isa = PBXBuildFile; fileRef = E0EFCBD52A1B505000243308 /* SceneDelegate.m */; };
		E0EFCBD92A1B505000243308 /* ViewController.m in Sources */ = {isa = PBXBuildFile; fileRef = E0EFCBD82A1B505000243308 /* ViewController.m */; };
		E0EFCBDC2A1B505000243308 /* Main.storyboard in Resources */ = {isa = PBXBuildFile; fileRef = E0EFCBDA2A1B505000243308 /* Main.storyboard */; };
		E0EFCBDE2A1B505100243308 /* Assets.xcassets in Resources */ = {isa = PBXBuildFile; fileRef = E0EFCBDD2A1B505100243308 /* Assets.xcassets */; };
		E0EFCBE12A1B505100243308 /* LaunchScreen.storyboard in Resources */ = {isa = PBXBuildFile; fileRef = E0EFCBDF2A1B505100243308 /* LaunchScreen.storyboard */; };
		E0EFCBE42A1B505100243308 /* main.m in Sources */ = {isa = PBXBuildFile; fileRef = E0EFCBE32A1B505100243308 /* main.m */; };
		E0EFCBF22A1B506A00243308 /* AlexIronsourceSDKAdapter.h in Headers */ = {isa = PBXBuildFile; fileRef = E0EFCBF12A1B506A00243308 /* AlexIronsourceSDKAdapter.h */; settings = {ATTRIBUTES = (Public, ); }; };
		E0EFCBF52A1B506A00243308 /* AlexIronsourceSDKAdapter.framework in Frameworks */ = {isa = PBXBuildFile; fileRef = E0EFCBEF2A1B506A00243308 /* AlexIronsourceSDKAdapter.framework */; };
		E0EFCBF62A1B506A00243308 /* AlexIronsourceSDKAdapter.framework in Embed Frameworks */ = {isa = PBXBuildFile; fileRef = E0EFCBEF2A1B506A00243308 /* AlexIronsourceSDKAdapter.framework */; settings = {ATTRIBUTES = (CodeSignOnCopy, RemoveHeadersOnCopy, ); }; };
/* End PBXBuildFile section */

/* Begin PBXContainerItemProxy section */
		E0EFCBF32A1B506A00243308 /* PBXContainerItemProxy */ = {
			isa = PBXContainerItemProxy;
			containerPortal = E0EFCBC62A1B505000243308 /* Project object */;
			proxyType = 1;
			remoteGlobalIDString = E0EFCBEE2A1B506A00243308;
			remoteInfo = IronsourceSDKAdapter;
		};
/* End PBXContainerItemProxy section */

/* Begin PBXCopyFilesBuildPhase section */
		E0EFCBFA2A1B506A00243308 /* Embed Frameworks */ = {
			isa = PBXCopyFilesBuildPhase;
			buildActionMask = 2147483647;
			dstPath = "";
			dstSubfolderSpec = 10;
			files = (
				E0EFCBF62A1B506A00243308 /* AlexIronsourceSDKAdapter.framework in Embed Frameworks */,
			);
			name = "Embed Frameworks";
			runOnlyForDeploymentPostprocessing = 0;
		};
/* End PBXCopyFilesBuildPhase section */

/* Begin PBXFileReference section */
		04658A7CBDBE99B4B74F7F6C /* Pods_AlexIronsourceSDKAdapter.framework */ = {isa = PBXFileReference; explicitFileType = wrapper.framework; includeInIndex = 0; path = Pods_AlexIronsourceSDKAdapter.framework; sourceTree = BUILT_PRODUCTS_DIR; };
		3B1F961D36C2386CE7F936B0 /* Pods-IronsourceCustomSDK.release.xcconfig */ = {isa = PBXFileReference; includeInIndex = 1; lastKnownFileType = text.xcconfig; name = "Pods-IronsourceCustomSDK.release.xcconfig"; path = "Target Support Files/Pods-IronsourceCustomSDK/Pods-IronsourceCustomSDK.release.xcconfig"; sourceTree = "<group>"; };
		5B680AB84281EAE93607FBC6 /* Pods-IronsourceSDKAdapter.debug.xcconfig */ = {isa = PBXFileReference; includeInIndex = 1; lastKnownFileType = text.xcconfig; name = "Pods-IronsourceSDKAdapter.debug.xcconfig"; path = "Target Support Files/Pods-IronsourceSDKAdapter/Pods-IronsourceSDKAdapter.debug.xcconfig"; sourceTree = "<group>"; };
		63B700A74D146BB339D62694 /* Pods-IronsourceSDKAdapter.release.xcconfig */ = {isa = PBXFileReference; includeInIndex = 1; lastKnownFileType = text.xcconfig; name = "Pods-IronsourceSDKAdapter.release.xcconfig"; path = "Target Support Files/Pods-IronsourceSDKAdapter/Pods-IronsourceSDKAdapter.release.xcconfig"; sourceTree = "<group>"; };
		75C322F60DA84E574094EEAC /* Pods_AlexIronsourceSDK.framework */ = {isa = PBXFileReference; explicitFileType = wrapper.framework; includeInIndex = 0; path = Pods_AlexIronsourceSDK.framework; sourceTree = BUILT_PRODUCTS_DIR; };
		829B7C7D9ED2456AE09D81E5 /* Pods-AlexIronsourceSDKAdapter.release.xcconfig */ = {isa = PBXFileReference; includeInIndex = 1; lastKnownFileType = text.xcconfig; name = "Pods-AlexIronsourceSDKAdapter.release.xcconfig"; path = "Target Support Files/Pods-AlexIronsourceSDKAdapter/Pods-AlexIronsourceSDKAdapter.release.xcconfig"; sourceTree = "<group>"; };
		88A3E609DE96A984314C4434 /* Pods-AlexIronsourceSDKAdapter.debug.xcconfig */ = {isa = PBXFileReference; includeInIndex = 1; lastKnownFileType = text.xcconfig; name = "Pods-AlexIronsourceSDKAdapter.debug.xcconfig"; path = "Target Support Files/Pods-AlexIronsourceSDKAdapter/Pods-AlexIronsourceSDKAdapter.debug.xcconfig"; sourceTree = "<group>"; };
		AEB7C8913E50E741903EF5D1 /* Pods-AlexIronsourceSDK.release.xcconfig */ = {isa = PBXFileReference; includeInIndex = 1; lastKnownFileType = text.xcconfig; name = "Pods-AlexIronsourceSDK.release.xcconfig"; path = "Target Support Files/Pods-AlexIronsourceSDK/Pods-AlexIronsourceSDK.release.xcconfig"; sourceTree = "<group>"; };
		B9F394CF3575B5BBA6CB7A2F /* Pods-IronsourceCustomSDK.debug.xcconfig */ = {isa = PBXFileReference; includeInIndex = 1; lastKnownFileType = text.xcconfig; name = "Pods-IronsourceCustomSDK.debug.xcconfig"; path = "Target Support Files/Pods-IronsourceCustomSDK/Pods-IronsourceCustomSDK.debug.xcconfig"; sourceTree = "<group>"; };
		CA3885C22CCB896B009F6002 /* AlexISBannerAdapter.h */ = {isa = PBXFileReference; lastKnownFileType = sourcecode.c.h; path = AlexISBannerAdapter.h; sourceTree = "<group>"; };
		CA3885C32CCB896B009F6002 /* AlexISBannerAdapter.m */ = {isa = PBXFileReference; lastKnownFileType = sourcecode.c.objc; path = AlexISBannerAdapter.m; sourceTree = "<group>"; };
		CA3885C42CCB896B009F6002 /* AlexISBannerCustomEvent.h */ = {isa = PBXFileReference; lastKnownFileType = sourcecode.c.h; path = AlexISBannerCustomEvent.h; sourceTree = "<group>"; };
		CA3885C52CCB896B009F6002 /* AlexISBannerCustomEvent.m */ = {isa = PBXFileReference; lastKnownFileType = sourcecode.c.objc; path = AlexISBannerCustomEvent.m; sourceTree = "<group>"; };
		CA3885C72CCB896B009F6002 /* AlexISBaseManager.h */ = {isa = PBXFileReference; lastKnownFileType = sourcecode.c.h; path = AlexISBaseManager.h; sourceTree = "<group>"; };
		CA3885C82CCB896B009F6002 /* AlexISBaseManager.m */ = {isa = PBXFileReference; lastKnownFileType = sourcecode.c.objc; path = AlexISBaseManager.m; sourceTree = "<group>"; };
		CA3885C92CCB896B009F6002 /* AlexNetworkC2STool.h */ = {isa = PBXFileReference; lastKnownFileType = sourcecode.c.h; path = AlexNetworkC2STool.h; sourceTree = "<group>"; };
		CA3885CA2CCB896B009F6002 /* AlexNetworkC2STool.m */ = {isa = PBXFileReference; lastKnownFileType = sourcecode.c.objc; path = AlexNetworkC2STool.m; sourceTree = "<group>"; };
		CA3885CC2CCB896B009F6002 /* AlexISBiddingRequest.h */ = {isa = PBXFileReference; lastKnownFileType = sourcecode.c.h; path = AlexISBiddingRequest.h; sourceTree = "<group>"; };
		CA3885CD2CCB896B009F6002 /* AlexISBiddingRequest.m */ = {isa = PBXFileReference; lastKnownFileType = sourcecode.c.objc; path = AlexISBiddingRequest.m; sourceTree = "<group>"; };
		CA3885CE2CCB896B009F6002 /* AlexISC2SBiddingRequestManager.h */ = {isa = PBXFileReference; lastKnownFileType = sourcecode.c.h; path = AlexISC2SBiddingRequestManager.h; sourceTree = "<group>"; };
		CA3885CF2CCB896B009F6002 /* AlexISC2SBiddingRequestManager.m */ = {isa = PBXFileReference; lastKnownFileType = sourcecode.c.objc; path = AlexISC2SBiddingRequestManager.m; sourceTree = "<group>"; };
		CA3885D12CCB896B009F6002 /* AlexISInterstitialAdapter.h */ = {isa = PBXFileReference; lastKnownFileType = sourcecode.c.h; path = AlexISInterstitialAdapter.h; sourceTree = "<group>"; };
		CA3885D22CCB896B009F6002 /* AlexISInterstitialAdapter.m */ = {isa = PBXFileReference; lastKnownFileType = sourcecode.c.objc; path = AlexISInterstitialAdapter.m; sourceTree = "<group>"; };
		CA3885D32CCB896B009F6002 /* AlexISInterstitialCustomEvent.h */ = {isa = PBXFileReference; lastKnownFileType = sourcecode.c.h; path = AlexISInterstitialCustomEvent.h; sourceTree = "<group>"; };
		CA3885D42CCB896B009F6002 /* AlexISInterstitialCustomEvent.m */ = {isa = PBXFileReference; lastKnownFileType = sourcecode.c.objc; path = AlexISInterstitialCustomEvent.m; sourceTree = "<group>"; };
		CA3885D62CCB896B009F6002 /* AlexISRewardedVideoAdapter.h */ = {isa = PBXFileReference; lastKnownFileType = sourcecode.c.h; path = AlexISRewardedVideoAdapter.h; sourceTree = "<group>"; };
		CA3885D72CCB896B009F6002 /* AlexISRewardedVideoAdapter.m */ = {isa = PBXFileReference; lastKnownFileType = sourcecode.c.objc; path = AlexISRewardedVideoAdapter.m; sourceTree = "<group>"; };
		CA3885D82CCB896B009F6002 /* AlexISRewardedVideoCustomEvent.h */ = {isa = PBXFileReference; lastKnownFileType = sourcecode.c.h; path = AlexISRewardedVideoCustomEvent.h; sourceTree = "<group>"; };
		CA3885D92CCB896B009F6002 /* AlexISRewardedVideoCustomEvent.m */ = {isa = PBXFileReference; lastKnownFileType = sourcecode.c.objc; path = AlexISRewardedVideoCustomEvent.m; sourceTree = "<group>"; };
		CA3885DA2CCB896B009F6002 /* AlexISRVDelegate.h */ = {isa = PBXFileReference; lastKnownFileType = sourcecode.c.h; path = AlexISRVDelegate.h; sourceTree = "<group>"; };
		CA3885DB2CCB896B009F6002 /* AlexISRVDelegate.m */ = {isa = PBXFileReference; lastKnownFileType = sourcecode.c.objc; path = AlexISRVDelegate.m; sourceTree = "<group>"; };
		E0EFCBCE2A1B505000243308 /* AlexIronsourceSDK.app */ = {isa = PBXFileReference; explicitFileType = wrapper.application; includeInIndex = 0; path = AlexIronsourceSDK.app; sourceTree = BUILT_PRODUCTS_DIR; };
		E0EFCBD12A1B505000243308 /* AppDelegate.h */ = {isa = PBXFileReference; lastKnownFileType = sourcecode.c.h; path = AppDelegate.h; sourceTree = "<group>"; };
		E0EFCBD22A1B505000243308 /* AppDelegate.m */ = {isa = PBXFileReference; lastKnownFileType = sourcecode.c.objc; path = AppDelegate.m; sourceTree = "<group>"; };
		E0EFCBD42A1B505000243308 /* SceneDelegate.h */ = {isa = PBXFileReference; lastKnownFileType = sourcecode.c.h; path = SceneDelegate.h; sourceTree = "<group>"; };
		E0EFCBD52A1B505000243308 /* SceneDelegate.m */ = {isa = PBXFileReference; lastKnownFileType = sourcecode.c.objc; path = SceneDelegate.m; sourceTree = "<group>"; };
		E0EFCBD72A1B505000243308 /* ViewController.h */ = {isa = PBXFileReference; lastKnownFileType = sourcecode.c.h; path = ViewController.h; sourceTree = "<group>"; };
		E0EFCBD82A1B505000243308 /* ViewController.m */ = {isa = PBXFileReference; lastKnownFileType = sourcecode.c.objc; path = ViewController.m; sourceTree = "<group>"; };
		E0EFCBDB2A1B505000243308 /* Base */ = {isa = PBXFileReference; lastKnownFileType = file.storyboard; name = Base; path = Base.lproj/Main.storyboard; sourceTree = "<group>"; };
		E0EFCBDD2A1B505100243308 /* Assets.xcassets */ = {isa = PBXFileReference; lastKnownFileType = folder.assetcatalog; path = Assets.xcassets; sourceTree = "<group>"; };
		E0EFCBE02A1B505100243308 /* Base */ = {isa = PBXFileReference; lastKnownFileType = file.storyboard; name = Base; path = Base.lproj/LaunchScreen.storyboard; sourceTree = "<group>"; };
		E0EFCBE22A1B505100243308 /* Info.plist */ = {isa = PBXFileReference; lastKnownFileType = text.plist.xml; path = Info.plist; sourceTree = "<group>"; };
		E0EFCBE32A1B505100243308 /* main.m */ = {isa = PBXFileReference; lastKnownFileType = sourcecode.c.objc; path = main.m; sourceTree = "<group>"; };
		E0EFCBEF2A1B506A00243308 /* AlexIronsourceSDKAdapter.framework */ = {isa = PBXFileReference; explicitFileType = wrapper.framework; includeInIndex = 0; path = AlexIronsourceSDKAdapter.framework; sourceTree = BUILT_PRODUCTS_DIR; };
		E0EFCBF12A1B506A00243308 /* AlexIronsourceSDKAdapter.h */ = {isa = PBXFileReference; lastKnownFileType = sourcecode.c.h; path = AlexIronsourceSDKAdapter.h; sourceTree = "<group>"; };
		F1D001498DE64312EBA67754 /* Pods-AlexIronsourceSDK.debug.xcconfig */ = {isa = PBXFileReference; includeInIndex = 1; lastKnownFileType = text.xcconfig; name = "Pods-AlexIronsourceSDK.debug.xcconfig"; path = "Target Support Files/Pods-AlexIronsourceSDK/Pods-AlexIronsourceSDK.debug.xcconfig"; sourceTree = "<group>"; };
/* End PBXFileReference section */

/* Begin PBXFrameworksBuildPhase section */
		E0EFCBCB2A1B505000243308 /* Frameworks */ = {
			isa = PBXFrameworksBuildPhase;
			buildActionMask = 2147483647;
			files = (
				E0EFCBF52A1B506A00243308 /* AlexIronsourceSDKAdapter.framework in Frameworks */,
				7B9BEB0E351A7AE691649383 /* Pods_AlexIronsourceSDK.framework in Frameworks */,
			);
			runOnlyForDeploymentPostprocessing = 0;
		};
		E0EFCBEC2A1B506A00243308 /* Frameworks */ = {
			isa = PBXFrameworksBuildPhase;
			buildActionMask = 2147483647;
			files = (
				B180A9D9FE01042DA807CD6E /* Pods_AlexIronsourceSDKAdapter.framework in Frameworks */,
			);
			runOnlyForDeploymentPostprocessing = 0;
		};
/* End PBXFrameworksBuildPhase section */

/* Begin PBXGroup section */
		81039F800E747FC9FB176C01 /* Pods */ = {
			isa = PBXGroup;
			children = (
				B9F394CF3575B5BBA6CB7A2F /* Pods-IronsourceCustomSDK.debug.xcconfig */,
				3B1F961D36C2386CE7F936B0 /* Pods-IronsourceCustomSDK.release.xcconfig */,
				5B680AB84281EAE93607FBC6 /* Pods-IronsourceSDKAdapter.debug.xcconfig */,
				63B700A74D146BB339D62694 /* Pods-IronsourceSDKAdapter.release.xcconfig */,
				F1D001498DE64312EBA67754 /* Pods-AlexIronsourceSDK.debug.xcconfig */,
				AEB7C8913E50E741903EF5D1 /* Pods-AlexIronsourceSDK.release.xcconfig */,
				88A3E609DE96A984314C4434 /* Pods-AlexIronsourceSDKAdapter.debug.xcconfig */,
				829B7C7D9ED2456AE09D81E5 /* Pods-AlexIronsourceSDKAdapter.release.xcconfig */,
			);
			path = Pods;
			sourceTree = "<group>";
		};
		BF603ABDD92E1C0BA6AD5412 /* Frameworks */ = {
			isa = PBXGroup;
			children = (
				75C322F60DA84E574094EEAC /* Pods_AlexIronsourceSDK.framework */,
				04658A7CBDBE99B4B74F7F6C /* Pods_AlexIronsourceSDKAdapter.framework */,
			);
			name = Frameworks;
			sourceTree = "<group>";
		};
		CA3885C62CCB896B009F6002 /* banner */ = {
			isa = PBXGroup;
			children = (
				CA3885C22CCB896B009F6002 /* AlexISBannerAdapter.h */,
				CA3885C32CCB896B009F6002 /* AlexISBannerAdapter.m */,
				CA3885C42CCB896B009F6002 /* AlexISBannerCustomEvent.h */,
				CA3885C52CCB896B009F6002 /* AlexISBannerCustomEvent.m */,
			);
			path = banner;
			sourceTree = "<group>";
		};
		CA3885CB2CCB896B009F6002 /* Base */ = {
			isa = PBXGroup;
			children = (
				CA3885C72CCB896B009F6002 /* AlexISBaseManager.h */,
				CA3885C82CCB896B009F6002 /* AlexISBaseManager.m */,
				CA3885C92CCB896B009F6002 /* AlexNetworkC2STool.h */,
				CA3885CA2CCB896B009F6002 /* AlexNetworkC2STool.m */,
			);
			path = Base;
			sourceTree = "<group>";
		};
		CA3885D02CCB896B009F6002 /* C2S */ = {
			isa = PBXGroup;
			children = (
				CA3885CC2CCB896B009F6002 /* AlexISBiddingRequest.h */,
				CA3885CD2CCB896B009F6002 /* AlexISBiddingRequest.m */,
				CA3885CE2CCB896B009F6002 /* AlexISC2SBiddingRequestManager.h */,
				CA3885CF2CCB896B009F6002 /* AlexISC2SBiddingRequestManager.m */,
			);
			path = C2S;
			sourceTree = "<group>";
		};
		CA3885D52CCB896B009F6002 /* Interstitial */ = {
			isa = PBXGroup;
			children = (
				CA3885D12CCB896B009F6002 /* AlexISInterstitialAdapter.h */,
				CA3885D22CCB896B009F6002 /* AlexISInterstitialAdapter.m */,
				CA3885D32CCB896B009F6002 /* AlexISInterstitialCustomEvent.h */,
				CA3885D42CCB896B009F6002 /* AlexISInterstitialCustomEvent.m */,
			);
			path = Interstitial;
			sourceTree = "<group>";
		};
		CA3885DC2CCB896B009F6002 /* RewardedVideo */ = {
			isa = PBXGroup;
			children = (
				CA3885D62CCB896B009F6002 /* AlexISRewardedVideoAdapter.h */,
				CA3885D72CCB896B009F6002 /* AlexISRewardedVideoAdapter.m */,
				CA3885D82CCB896B009F6002 /* AlexISRewardedVideoCustomEvent.h */,
				CA3885D92CCB896B009F6002 /* AlexISRewardedVideoCustomEvent.m */,
				CA3885DA2CCB896B009F6002 /* AlexISRVDelegate.h */,
				CA3885DB2CCB896B009F6002 /* AlexISRVDelegate.m */,
			);
			path = RewardedVideo;
			sourceTree = "<group>";
		};
		CA3885DD2CCB896B009F6002 /* IronsourceMiddle */ = {
			isa = PBXGroup;
			children = (
				CA3885C62CCB896B009F6002 /* banner */,
				CA3885CB2CCB896B009F6002 /* Base */,
				CA3885D02CCB896B009F6002 /* C2S */,
				CA3885D52CCB896B009F6002 /* Interstitial */,
				CA3885DC2CCB896B009F6002 /* RewardedVideo */,
			);
			path = IronsourceMiddle;
			sourceTree = "<group>";
		};
		E0EFCBC52A1B505000243308 = {
			isa = PBXGroup;
			children = (
				E0EFCBD02A1B505000243308 /* AlexIronsourceSDK */,
				E0EFCBF02A1B506A00243308 /* AlexIronsourceSDKAdapter */,
				E0EFCBCF2A1B505000243308 /* Products */,
				81039F800E747FC9FB176C01 /* Pods */,
				BF603ABDD92E1C0BA6AD5412 /* Frameworks */,
			);
			sourceTree = "<group>";
		};
		E0EFCBCF2A1B505000243308 /* Products */ = {
			isa = PBXGroup;
			children = (
				E0EFCBCE2A1B505000243308 /* AlexIronsourceSDK.app */,
				E0EFCBEF2A1B506A00243308 /* AlexIronsourceSDKAdapter.framework */,
			);
			name = Products;
			sourceTree = "<group>";
		};
		E0EFCBD02A1B505000243308 /* AlexIronsourceSDK */ = {
			isa = PBXGroup;
			children = (
				E0EFCBD12A1B505000243308 /* AppDelegate.h */,
				E0EFCBD22A1B505000243308 /* AppDelegate.m */,
				E0EFCBD42A1B505000243308 /* SceneDelegate.h */,
				E0EFCBD52A1B505000243308 /* SceneDelegate.m */,
				E0EFCBD72A1B505000243308 /* ViewController.h */,
				E0EFCBD82A1B505000243308 /* ViewController.m */,
				E0EFCBDA2A1B505000243308 /* Main.storyboard */,
				E0EFCBDD2A1B505100243308 /* Assets.xcassets */,
				E0EFCBDF2A1B505100243308 /* LaunchScreen.storyboard */,
				E0EFCBE22A1B505100243308 /* Info.plist */,
				E0EFCBE32A1B505100243308 /* main.m */,
			);
			path = AlexIronsourceSDK;
			sourceTree = "<group>";
		};
		E0EFCBF02A1B506A00243308 /* AlexIronsourceSDKAdapter */ = {
			isa = PBXGroup;
			children = (
				CA3885DD2CCB896B009F6002 /* IronsourceMiddle */,
				E0EFCBF12A1B506A00243308 /* AlexIronsourceSDKAdapter.h */,
			);
			path = AlexIronsourceSDKAdapter;
			sourceTree = "<group>";
		};
/* End PBXGroup section */

/* Begin PBXHeadersBuildPhase section */
		E0EFCBEA2A1B506A00243308 /* Headers */ = {
			isa = PBXHeadersBuildPhase;
			buildActionMask = 2147483647;
			files = (
				CA3885E92CCB896B009F6002 /* AlexISBaseManager.h in Headers */,
				CA3885EA2CCB896B009F6002 /* AlexNetworkC2STool.h in Headers */,
				CA3885EB2CCB896B009F6002 /* AlexISInterstitialAdapter.h in Headers */,
				CA3885EC2CCB896B009F6002 /* AlexISBannerAdapter.h in Headers */,
				CA3885ED2CCB896B009F6002 /* AlexISBannerCustomEvent.h in Headers */,
				CA3885EE2CCB896B009F6002 /* AlexISBiddingRequest.h in Headers */,
				CA3885EF2CCB896B009F6002 /* AlexISRVDelegate.h in Headers */,
				CA3885F02CCB896B009F6002 /* AlexISC2SBiddingRequestManager.h in Headers */,
				CA3885F12CCB896B009F6002 /* AlexISInterstitialCustomEvent.h in Headers */,
				CA3885F22CCB896B009F6002 /* AlexISRewardedVideoAdapter.h in Headers */,
				CA3885F32CCB896B009F6002 /* AlexISRewardedVideoCustomEvent.h in Headers */,
				E0EFCBF22A1B506A00243308 /* AlexIronsourceSDKAdapter.h in Headers */,
			);
			runOnlyForDeploymentPostprocessing = 0;
		};
/* End PBXHeadersBuildPhase section */

/* Begin PBXNativeTarget section */
		E0EFCBCD2A1B505000243308 /* AlexIronsourceSDK */ = {
			isa = PBXNativeTarget;
			buildConfigurationList = E0EFCBE72A1B505100243308 /* Build configuration list for PBXNativeTarget "AlexIronsourceSDK" */;
			buildPhases = (
				4F4EAF1DA212846A6ABA2BB3 /* [CP] Check Pods Manifest.lock */,
				E0EFCBCA2A1B505000243308 /* Sources */,
				E0EFCBCB2A1B505000243308 /* Frameworks */,
				E0EFCBCC2A1B505000243308 /* Resources */,
				E0EFCBFA2A1B506A00243308 /* Embed Frameworks */,
			);
			buildRules = (
			);
			dependencies = (
				E0EFCBF42A1B506A00243308 /* PBXTargetDependency */,
			);
			name = AlexIronsourceSDK;
			productName = IronsourceCustomSDK;
			productReference = E0EFCBCE2A1B505000243308 /* AlexIronsourceSDK.app */;
			productType = "com.apple.product-type.application";
		};
		E0EFCBEE2A1B506A00243308 /* AlexIronsourceSDKAdapter */ = {
			isa = PBXNativeTarget;
			buildConfigurationList = E0EFCBF72A1B506A00243308 /* Build configuration list for PBXNativeTarget "AlexIronsourceSDKAdapter" */;
			buildPhases = (
				297933EE410BDA30B953F336 /* [CP] Check Pods Manifest.lock */,
				E0EFCBEA2A1B506A00243308 /* Headers */,
				E0EFCBEB2A1B506A00243308 /* Sources */,
				E0EFCBEC2A1B506A00243308 /* Frameworks */,
				E0EFCBED2A1B506A00243308 /* Resources */,
			);
			buildRules = (
			);
			dependencies = (
			);
			name = AlexIronsourceSDKAdapter;
			productName = IronsourceSDKAdapter;
			productReference = E0EFCBEF2A1B506A00243308 /* AlexIronsourceSDKAdapter.framework */;
			productType = "com.apple.product-type.framework";
		};
/* End PBXNativeTarget section */

/* Begin PBXProject section */
		E0EFCBC62A1B505000243308 /* Project object */ = {
			isa = PBXProject;
			attributes = {
				BuildIndependentTargetsInParallel = 1;
				LastUpgradeCheck = 1420;
				TargetAttributes = {
					E0EFCBCD2A1B505000243308 = {
						CreatedOnToolsVersion = 14.2;
					};
					E0EFCBEE2A1B506A00243308 = {
						CreatedOnToolsVersion = 14.2;
					};
				};
			};
			buildConfigurationList = E0EFCBC92A1B505000243308 /* Build configuration list for PBXProject "AlexIronsourceSDK" */;
			compatibilityVersion = "Xcode 13.0";
			developmentRegion = en;
			hasScannedForEncodings = 0;
			knownRegions = (
				en,
				Base,
			);
			mainGroup = E0EFCBC52A1B505000243308;
			productRefGroup = E0EFCBCF2A1B505000243308 /* Products */;
			projectDirPath = "";
			projectRoot = "";
			targets = (
				E0EFCBCD2A1B505000243308 /* AlexIronsourceSDK */,
				E0EFCBEE2A1B506A00243308 /* AlexIronsourceSDKAdapter */,
			);
		};
/* End PBXProject section */

/* Begin PBXResourcesBuildPhase section */
		E0EFCBCC2A1B505000243308 /* Resources */ = {
			isa = PBXResourcesBuildPhase;
			buildActionMask = 2147483647;
			files = (
				E0EFCBE12A1B505100243308 /* LaunchScreen.storyboard in Resources */,
				E0EFCBDE2A1B505100243308 /* Assets.xcassets in Resources */,
				E0EFCBDC2A1B505000243308 /* Main.storyboard in Resources */,
			);
			runOnlyForDeploymentPostprocessing = 0;
		};
		E0EFCBED2A1B506A00243308 /* Resources */ = {
			isa = PBXResourcesBuildPhase;
			buildActionMask = 2147483647;
			files = (
			);
			runOnlyForDeploymentPostprocessing = 0;
		};
/* End PBXResourcesBuildPhase section */

/* Begin PBXShellScriptBuildPhase section */
		297933EE410BDA30B953F336 /* [CP] Check Pods Manifest.lock */ = {
			isa = PBXShellScriptBuildPhase;
			buildActionMask = 2147483647;
			files = (
			);
			inputFileListPaths = (
			);
			inputPaths = (
				"${PODS_PODFILE_DIR_PATH}/Podfile.lock",
				"${PODS_ROOT}/Manifest.lock",
			);
			name = "[CP] Check Pods Manifest.lock";
			outputFileListPaths = (
			);
			outputPaths = (
				"$(DERIVED_FILE_DIR)/Pods-AlexIronsourceSDKAdapter-checkManifestLockResult.txt",
			);
			runOnlyForDeploymentPostprocessing = 0;
			shellPath = /bin/sh;
			shellScript = "diff \"${PODS_PODFILE_DIR_PATH}/Podfile.lock\" \"${PODS_ROOT}/Manifest.lock\" > /dev/null\nif [ $? != 0 ] ; then\n    # print error to STDERR\n    echo \"error: The sandbox is not in sync with the Podfile.lock. Run 'pod install' or update your CocoaPods installation.\" >&2\n    exit 1\nfi\n# This output is used by Xcode 'outputs' to avoid re-running this script phase.\necho \"SUCCESS\" > \"${SCRIPT_OUTPUT_FILE_0}\"\n";
			showEnvVarsInLog = 0;
		};
		4F4EAF1DA212846A6ABA2BB3 /* [CP] Check Pods Manifest.lock */ = {
			isa = PBXShellScriptBuildPhase;
			buildActionMask = 2147483647;
			files = (
			);
			inputFileListPaths = (
			);
			inputPaths = (
				"${PODS_PODFILE_DIR_PATH}/Podfile.lock",
				"${PODS_ROOT}/Manifest.lock",
			);
			name = "[CP] Check Pods Manifest.lock";
			outputFileListPaths = (
			);
			outputPaths = (
				"$(DERIVED_FILE_DIR)/Pods-AlexIronsourceSDK-checkManifestLockResult.txt",
			);
			runOnlyForDeploymentPostprocessing = 0;
			shellPath = /bin/sh;
			shellScript = "diff \"${PODS_PODFILE_DIR_PATH}/Podfile.lock\" \"${PODS_ROOT}/Manifest.lock\" > /dev/null\nif [ $? != 0 ] ; then\n    # print error to STDERR\n    echo \"error: The sandbox is not in sync with the Podfile.lock. Run 'pod install' or update your CocoaPods installation.\" >&2\n    exit 1\nfi\n# This output is used by Xcode 'outputs' to avoid re-running this script phase.\necho \"SUCCESS\" > \"${SCRIPT_OUTPUT_FILE_0}\"\n";
			showEnvVarsInLog = 0;
		};
/* End PBXShellScriptBuildPhase section */

/* Begin PBXSourcesBuildPhase section */
		E0EFCBCA2A1B505000243308 /* Sources */ = {
			isa = PBXSourcesBuildPhase;
			buildActionMask = 2147483647;
			files = (
				E0EFCBD92A1B505000243308 /* ViewController.m in Sources */,
				E0EFCBD32A1B505000243308 /* AppDelegate.m in Sources */,
				E0EFCBE42A1B505100243308 /* main.m in Sources */,
				E0EFCBD62A1B505000243308 /* SceneDelegate.m in Sources */,
			);
			runOnlyForDeploymentPostprocessing = 0;
		};
		E0EFCBEB2A1B506A00243308 /* Sources */ = {
			isa = PBXSourcesBuildPhase;
			buildActionMask = 2147483647;
			files = (
				CA3885DE2CCB896B009F6002 /* AlexISInterstitialAdapter.m in Sources */,
				CA3885DF2CCB896B009F6002 /* AlexISBaseManager.m in Sources */,
				CA3885E02CCB896B009F6002 /* AlexISC2SBiddingRequestManager.m in Sources */,
				CA3885E12CCB896B009F6002 /* AlexISRewardedVideoAdapter.m in Sources */,
				CA3885E22CCB896B009F6002 /* AlexISBannerCustomEvent.m in Sources */,
				CA3885E32CCB896B009F6002 /* AlexISRewardedVideoCustomEvent.m in Sources */,
				CA3885E42CCB896B009F6002 /* AlexISBiddingRequest.m in Sources */,
				CA3885E52CCB896B009F6002 /* AlexISBannerAdapter.m in Sources */,
				CA3885E62CCB896B009F6002 /* AlexISRVDelegate.m in Sources */,
				CA3885E72CCB896B009F6002 /* AlexNetworkC2STool.m in Sources */,
				CA3885E82CCB896B009F6002 /* AlexISInterstitialCustomEvent.m in Sources */,
			);
			runOnlyForDeploymentPostprocessing = 0;
		};
/* End PBXSourcesBuildPhase section */

/* Begin PBXTargetDependency section */
		E0EFCBF42A1B506A00243308 /* PBXTargetDependency */ = {
			isa = PBXTargetDependency;
			target = E0EFCBEE2A1B506A00243308 /* AlexIronsourceSDKAdapter */;
			targetProxy = E0EFCBF32A1B506A00243308 /* PBXContainerItemProxy */;
		};
/* End PBXTargetDependency section */

/* Begin PBXVariantGroup section */
		E0EFCBDA2A1B505000243308 /* Main.storyboard */ = {
			isa = PBXVariantGroup;
			children = (
				E0EFCBDB2A1B505000243308 /* Base */,
			);
			name = Main.storyboard;
			sourceTree = "<group>";
		};
		E0EFCBDF2A1B505100243308 /* LaunchScreen.storyboard */ = {
			isa = PBXVariantGroup;
			children = (
				E0EFCBE02A1B505100243308 /* Base */,
			);
			name = LaunchScreen.storyboard;
			sourceTree = "<group>";
		};
/* End PBXVariantGroup section */

/* Begin XCBuildConfiguration section */
		E0EFCBE52A1B505100243308 /* Debug */ = {
			isa = XCBuildConfiguration;
			buildSettings = {
				ALWAYS_SEARCH_USER_PATHS = NO;
				CLANG_ANALYZER_NONNULL = YES;
				CLANG_ANALYZER_NUMBER_OBJECT_CONVERSION = YES_AGGRESSIVE;
				CLANG_CXX_LANGUAGE_STANDARD = "gnu++20";
				CLANG_ENABLE_MODULES = YES;
				CLANG_ENABLE_OBJC_ARC = YES;
				CLANG_ENABLE_OBJC_WEAK = YES;
				CLANG_WARN_BLOCK_CAPTURE_AUTORELEASING = YES;
				CLANG_WARN_BOOL_CONVERSION = YES;
				CLANG_WARN_COMMA = YES;
				CLANG_WARN_CONSTANT_CONVERSION = YES;
				CLANG_WARN_DEPRECATED_OBJC_IMPLEMENTATIONS = YES;
				CLANG_WARN_DIRECT_OBJC_ISA_USAGE = YES_ERROR;
				CLANG_WARN_DOCUMENTATION_COMMENTS = YES;
				CLANG_WARN_EMPTY_BODY = YES;
				CLANG_WARN_ENUM_CONVERSION = YES;
				CLANG_WARN_INFINITE_RECURSION = YES;
				CLANG_WARN_INT_CONVERSION = YES;
				CLANG_WARN_NON_LITERAL_NULL_CONVERSION = YES;
				CLANG_WARN_OBJC_IMPLICIT_RETAIN_SELF = YES;
				CLANG_WARN_OBJC_LITERAL_CONVERSION = YES;
				CLANG_WARN_OBJC_ROOT_CLASS = YES_ERROR;
				CLANG_WARN_QUOTED_INCLUDE_IN_FRAMEWORK_HEADER = YES;
				CLANG_WARN_RANGE_LOOP_ANALYSIS = YES;
				CLANG_WARN_STRICT_PROTOTYPES = YES;
				CLANG_WARN_SUSPICIOUS_MOVE = YES;
				CLANG_WARN_UNGUARDED_AVAILABILITY = YES_AGGRESSIVE;
				CLANG_WARN_UNREACHABLE_CODE = YES;
				CLANG_WARN__DUPLICATE_METHOD_MATCH = YES;
				COPY_PHASE_STRIP = NO;
				DEBUG_INFORMATION_FORMAT = dwarf;
				ENABLE_STRICT_OBJC_MSGSEND = YES;
				ENABLE_TESTABILITY = YES;
				GCC_C_LANGUAGE_STANDARD = gnu11;
				GCC_DYNAMIC_NO_PIC = NO;
				GCC_NO_COMMON_BLOCKS = YES;
				GCC_OPTIMIZATION_LEVEL = 0;
				GCC_PREPROCESSOR_DEFINITIONS = (
					"DEBUG=1",
					"$(inherited)",
				);
				GCC_WARN_64_TO_32_BIT_CONVERSION = YES;
				GCC_WARN_ABOUT_RETURN_TYPE = YES_ERROR;
				GCC_WARN_UNDECLARED_SELECTOR = YES;
				GCC_WARN_UNINITIALIZED_AUTOS = YES_AGGRESSIVE;
				GCC_WARN_UNUSED_FUNCTION = YES;
				GCC_WARN_UNUSED_VARIABLE = YES;
				IPHONEOS_DEPLOYMENT_TARGET = 16.2;
				MTL_ENABLE_DEBUG_INFO = INCLUDE_SOURCE;
				MTL_FAST_MATH = YES;
				ONLY_ACTIVE_ARCH = YES;
				SDKROOT = iphoneos;
			};
			name = Debug;
		};
		E0EFCBE62A1B505100243308 /* Release */ = {
			isa = XCBuildConfiguration;
			buildSettings = {
				ALWAYS_SEARCH_USER_PATHS = NO;
				CLANG_ANALYZER_NONNULL = YES;
				CLANG_ANALYZER_NUMBER_OBJECT_CONVERSION = YES_AGGRESSIVE;
				CLANG_CXX_LANGUAGE_STANDARD = "gnu++20";
				CLANG_ENABLE_MODULES = YES;
				CLANG_ENABLE_OBJC_ARC = YES;
				CLANG_ENABLE_OBJC_WEAK = YES;
				CLANG_WARN_BLOCK_CAPTURE_AUTORELEASING = YES;
				CLANG_WARN_BOOL_CONVERSION = YES;
				CLANG_WARN_COMMA = YES;
				CLANG_WARN_CONSTANT_CONVERSION = YES;
				CLANG_WARN_DEPRECATED_OBJC_IMPLEMENTATIONS = YES;
				CLANG_WARN_DIRECT_OBJC_ISA_USAGE = YES_ERROR;
				CLANG_WARN_DOCUMENTATION_COMMENTS = YES;
				CLANG_WARN_EMPTY_BODY = YES;
				CLANG_WARN_ENUM_CONVERSION = YES;
				CLANG_WARN_INFINITE_RECURSION = YES;
				CLANG_WARN_INT_CONVERSION = YES;
				CLANG_WARN_NON_LITERAL_NULL_CONVERSION = YES;
				CLANG_WARN_OBJC_IMPLICIT_RETAIN_SELF = YES;
				CLANG_WARN_OBJC_LITERAL_CONVERSION = YES;
				CLANG_WARN_OBJC_ROOT_CLASS = YES_ERROR;
				CLANG_WARN_QUOTED_INCLUDE_IN_FRAMEWORK_HEADER = YES;
				CLANG_WARN_RANGE_LOOP_ANALYSIS = YES;
				CLANG_WARN_STRICT_PROTOTYPES = YES;
				CLANG_WARN_SUSPICIOUS_MOVE = YES;
				CLANG_WARN_UNGUARDED_AVAILABILITY = YES_AGGRESSIVE;
				CLANG_WARN_UNREACHABLE_CODE = YES;
				CLANG_WARN__DUPLICATE_METHOD_MATCH = YES;
				COPY_PHASE_STRIP = NO;
				DEBUG_INFORMATION_FORMAT = "dwarf-with-dsym";
				ENABLE_NS_ASSERTIONS = NO;
				ENABLE_STRICT_OBJC_MSGSEND = YES;
				GCC_C_LANGUAGE_STANDARD = gnu11;
				GCC_NO_COMMON_BLOCKS = YES;
				GCC_WARN_64_TO_32_BIT_CONVERSION = YES;
				GCC_WARN_ABOUT_RETURN_TYPE = YES_ERROR;
				GCC_WARN_UNDECLARED_SELECTOR = YES;
				GCC_WARN_UNINITIALIZED_AUTOS = YES_AGGRESSIVE;
				GCC_WARN_UNUSED_FUNCTION = YES;
				GCC_WARN_UNUSED_VARIABLE = YES;
				IPHONEOS_DEPLOYMENT_TARGET = 16.2;
				MTL_ENABLE_DEBUG_INFO = NO;
				MTL_FAST_MATH = YES;
				SDKROOT = iphoneos;
				VALIDATE_PRODUCT = YES;
			};
			name = Release;
		};
		E0EFCBE82A1B505100243308 /* Debug */ = {
			isa = XCBuildConfiguration;
			baseConfigurationReference = F1D001498DE64312EBA67754 /* Pods-AlexIronsourceSDK.debug.xcconfig */;
			buildSettings = {
				ASSETCATALOG_COMPILER_APPICON_NAME = AppIcon;
				ASSETCATALOG_COMPILER_GLOBAL_ACCENT_COLOR_NAME = AccentColor;
				CODE_SIGN_STYLE = Automatic;
				CURRENT_PROJECT_VERSION = 1;
				DEVELOPMENT_TEAM = 6YXYV74FF7;
				GENERATE_INFOPLIST_FILE = YES;
				INFOPLIST_FILE = AlexIronsourceSDK/Info.plist;
				INFOPLIST_KEY_UIApplicationSupportsIndirectInputEvents = YES;
				INFOPLIST_KEY_UILaunchStoryboardName = LaunchScreen;
				INFOPLIST_KEY_UIMainStoryboardFile = Main;
				INFOPLIST_KEY_UISupportedInterfaceOrientations_iPad = "UIInterfaceOrientationPortrait UIInterfaceOrientationPortraitUpsideDown UIInterfaceOrientationLandscapeLeft UIInterfaceOrientationLandscapeRight";
				INFOPLIST_KEY_UISupportedInterfaceOrientations_iPhone = "UIInterfaceOrientationPortrait UIInterfaceOrientationLandscapeLeft UIInterfaceOrientationLandscapeRight";
				IPHONEOS_DEPLOYMENT_TARGET = 12;
				LD_RUNPATH_SEARCH_PATHS = (
					"$(inherited)",
					"@executable_path/Frameworks",
				);
				MARKETING_VERSION = 1.0;
				PRODUCT_BUNDLE_IDENTIFIER = com.abc.www.AlexIronsourceSDK;
				PRODUCT_NAME = "$(TARGET_NAME)";
				SWIFT_EMIT_LOC_STRINGS = YES;
				TARGETED_DEVICE_FAMILY = "1,2";
			};
			name = Debug;
		};
		E0EFCBE92A1B505100243308 /* Release */ = {
			isa = XCBuildConfiguration;
			baseConfigurationReference = AEB7C8913E50E741903EF5D1 /* Pods-AlexIronsourceSDK.release.xcconfig */;
			buildSettings = {
				ASSETCATALOG_COMPILER_APPICON_NAME = AppIcon;
				ASSETCATALOG_COMPILER_GLOBAL_ACCENT_COLOR_NAME = AccentColor;
				CODE_SIGN_STYLE = Automatic;
				CURRENT_PROJECT_VERSION = 1;
				DEVELOPMENT_TEAM = 6YXYV74FF7;
				GENERATE_INFOPLIST_FILE = YES;
				INFOPLIST_FILE = AlexIronsourceSDK/Info.plist;
				INFOPLIST_KEY_UIApplicationSupportsIndirectInputEvents = YES;
				INFOPLIST_KEY_UILaunchStoryboardName = LaunchScreen;
				INFOPLIST_KEY_UIMainStoryboardFile = Main;
				INFOPLIST_KEY_UISupportedInterfaceOrientations_iPad = "UIInterfaceOrientationPortrait UIInterfaceOrientationPortraitUpsideDown UIInterfaceOrientationLandscapeLeft UIInterfaceOrientationLandscapeRight";
				INFOPLIST_KEY_UISupportedInterfaceOrientations_iPhone = "UIInterfaceOrientationPortrait UIInterfaceOrientationLandscapeLeft UIInterfaceOrientationLandscapeRight";
				IPHONEOS_DEPLOYMENT_TARGET = 12;
				LD_RUNPATH_SEARCH_PATHS = (
					"$(inherited)",
					"@executable_path/Frameworks",
				);
				MARKETING_VERSION = 1.0;
				PRODUCT_BUNDLE_IDENTIFIER = com.abc.www.AlexIronsourceSDK;
				PRODUCT_NAME = "$(TARGET_NAME)";
				SWIFT_EMIT_LOC_STRINGS = YES;
				TARGETED_DEVICE_FAMILY = "1,2";
			};
			name = Release;
		};
		E0EFCBF82A1B506A00243308 /* Debug */ = {
			isa = XCBuildConfiguration;
			baseConfigurationReference = 88A3E609DE96A984314C4434 /* Pods-AlexIronsourceSDKAdapter.debug.xcconfig */;
			buildSettings = {
				CODE_SIGN_STYLE = Manual;
				CURRENT_PROJECT_VERSION = 1;
				DEFINES_MODULE = YES;
				DEVELOPMENT_TEAM = "";
				DYLIB_COMPATIBILITY_VERSION = 1;
				DYLIB_CURRENT_VERSION = 1;
				DYLIB_INSTALL_NAME_BASE = "@rpath";
				GENERATE_INFOPLIST_FILE = YES;
				INFOPLIST_KEY_NSHumanReadableCopyright = "";
				INSTALL_PATH = "$(LOCAL_LIBRARY_DIR)/Frameworks";
				IPHONEOS_DEPLOYMENT_TARGET = 11.0;
				LD_RUNPATH_SEARCH_PATHS = (
					"$(inherited)",
					"@executable_path/Frameworks",
					"@loader_path/Frameworks",
				);
				MACH_O_TYPE = staticlib;
				MARKETING_VERSION = 1.0;
				PRODUCT_BUNDLE_IDENTIFIER = com.abc.www.IronsourceSDKAdapter;
				PRODUCT_NAME = "$(TARGET_NAME:c99extidentifier)";
				PROVISIONING_PROFILE_SPECIFIER = "";
				SKIP_INSTALL = YES;
				SWIFT_EMIT_LOC_STRINGS = YES;
				TARGETED_DEVICE_FAMILY = "1,2";
				VERSIONING_SYSTEM = "apple-generic";
				VERSION_INFO_PREFIX = "";
			};
			name = Debug;
		};
		E0EFCBF92A1B506A00243308 /* Release */ = {
			isa = XCBuildConfiguration;
			baseConfigurationReference = 829B7C7D9ED2456AE09D81E5 /* Pods-AlexIronsourceSDKAdapter.release.xcconfig */;
			buildSettings = {
				CODE_SIGN_STYLE = Manual;
				CURRENT_PROJECT_VERSION = 1;
				DEFINES_MODULE = YES;
				DEVELOPMENT_TEAM = "";
				DYLIB_COMPATIBILITY_VERSION = 1;
				DYLIB_CURRENT_VERSION = 1;
				DYLIB_INSTALL_NAME_BASE = "@rpath";
				GENERATE_INFOPLIST_FILE = YES;
				INFOPLIST_KEY_NSHumanReadableCopyright = "";
				INSTALL_PATH = "$(LOCAL_LIBRARY_DIR)/Frameworks";
				IPHONEOS_DEPLOYMENT_TARGET = 11.0;
				LD_RUNPATH_SEARCH_PATHS = (
					"$(inherited)",
					"@executable_path/Frameworks",
					"@loader_path/Frameworks",
				);
				MACH_O_TYPE = staticlib;
				MARKETING_VERSION = 1.0;
				PRODUCT_BUNDLE_IDENTIFIER = com.abc.www.IronsourceSDKAdapter;
				PRODUCT_NAME = "$(TARGET_NAME:c99extidentifier)";
				PROVISIONING_PROFILE_SPECIFIER = "";
				SKIP_INSTALL = YES;
				SWIFT_EMIT_LOC_STRINGS = YES;
				TARGETED_DEVICE_FAMILY = "1,2";
				VERSIONING_SYSTEM = "apple-generic";
				VERSION_INFO_PREFIX = "";
			};
			name = Release;
		};
/* End XCBuildConfiguration section */

/* Begin XCConfigurationList section */
		E0EFCBC92A1B505000243308 /* Build configuration list for PBXProject "AlexIronsourceSDK" */ = {
			isa = XCConfigurationList;
			buildConfigurations = (
				E0EFCBE52A1B505100243308 /* Debug */,
				E0EFCBE62A1B505100243308 /* Release */,
			);
			defaultConfigurationIsVisible = 0;
			defaultConfigurationName = Release;
		};
		E0EFCBE72A1B505100243308 /* Build configuration list for PBXNativeTarget "AlexIronsourceSDK" */ = {
			isa = XCConfigurationList;
			buildConfigurations = (
				E0EFCBE82A1B505100243308 /* Debug */,
				E0EFCBE92A1B505100243308 /* Release */,
			);
			defaultConfigurationIsVisible = 0;
			defaultConfigurationName = Release;
		};
		E0EFCBF72A1B506A00243308 /* Build configuration list for PBXNativeTarget "AlexIronsourceSDKAdapter" */ = {
			isa = XCConfigurationList;
			buildConfigurations = (
				E0EFCBF82A1B506A00243308 /* Debug */,
				E0EFCBF92A1B506A00243308 /* Release */,
			);
			defaultConfigurationIsVisible = 0;
			defaultConfigurationName = Release;
		};
/* End XCConfigurationList section */
	};
	rootObject = E0EFCBC62A1B505000243308 /* Project object */;
}
